
Microsoft Visual Studio Solution File, Format Version 12.00
# Visual Studio Version 16
VisualStudioVersion = 16.0.29326.143
MinimumVisualStudioVersion = 10.0.40219.1
Project("{9A19103F-16F7-4668-BE54-9A1E7A4F7556}") = "Shackmojis", "Shackmojis.csproj", "{7A373AE2-AEF9-45A2-90B9-3A101E840CA0}"
EndProject
Global
	GlobalSection(SolutionConfigurationPlatforms) = preSolution
		Debug|Any CPU = Debug|Any CPU
		Release|Any CPU = Release|Any CPU
	EndGlobalSection
	GlobalSection(ProjectConfigurationPlatforms) = postSolution
		{7A373AE2-AEF9-45A2-90B9-3A101E840CA0}.Debug|Any CPU.ActiveCfg = Debug|Any CPU
		{7A373AE2-AEF9-45A2-90B9-3A101E840CA0}.Debug|Any CPU.Build.0 = Debug|Any CPU
		{7A373AE2-AEF9-45A2-90B9-3A101E840CA0}.Release|Any CPU.ActiveCfg = Release|Any CPU
		{7A373AE2-AEF9-45A2-90B9-3A101E840CA0}.Release|Any CPU.Build.0 = Release|Any CPU
	EndGlobalSection
	GlobalSection(SolutionProperties) = preSolution
		HideSolutionNode = FALSE
	EndGlobalSection
	GlobalSection(ExtensibilityGlobals) = postSolution
		SolutionGuid = {1215EDE1-40FE-4337-8480-8B9BD8401807}
	EndGlobalSection
EndGlobal
